
Microsoft Visual Studio Solution File, Format Version 12.00
# Visual Studio Version 17
VisualStudioVersion = 17.6.33815.320
MinimumVisualStudioVersion = 10.0.40219.1
Project("{FAE04EC0-301F-11D3-BF4B-00C04F79EFBC}") = "ZUnicode", "ZUnicode\ZUnicode.csproj", "{6B6B19EA-A832-4CAA-835A-579E25DE28BE}"
EndProject
Global
	GlobalSection(SolutionConfigurationPlatforms) = preSolution
		Debug|Any CPU = Debug|Any CPU
		Release|Any CPU = Release|Any CPU
	EndGlobalSection
	GlobalSection(ProjectConfigurationPlatforms) = postSolution
		{6B6B19EA-A832-4CAA-835A-579E25DE28BE}.Debug|Any CPU.ActiveCfg = Debug|Any CPU
		{6B6B19EA-A832-4CAA-835A-579E25DE28BE}.Debug|Any CPU.Build.0 = Debug|Any CPU
		{6B6B19EA-A832-4CAA-835A-579E25DE28BE}.Release|Any CPU.ActiveCfg = Release|Any CPU
		{6B6B19EA-A832-4CAA-835A-579E25DE28BE}.Release|Any CPU.Build.0 = Release|Any CPU
	EndGlobalSection
	GlobalSection(SolutionProperties) = preSolution
		HideSolutionNode = FALSE
	EndGlobalSection
	GlobalSection(ExtensibilityGlobals) = postSolution
		SolutionGuid = {D7BE2E28-2645-4DF8-AD1F-C7B280F2D852}
	EndGlobalSection
EndGlobal
